
Microsoft Visual Studio Solution File, Format Version 12.00
# Visual Studio 15
VisualStudioVersion = 15.0.27004.2005
MinimumVisualStudioVersion = 10.0.40219.1
Project("{FAE04EC0-301F-11D3-BF4B-00C04F79EFBC}") = "Rekcja", "Rekcja\Rekcja.csproj", "{09430592-82DC-4F96-8DFB-67C0A9C05859}"
EndProject
Global
	GlobalSection(SolutionConfigurationPlatforms) = preSolution
		Debug|Any CPU = Debug|Any CPU
		Release|Any CPU = Release|Any CPU
	EndGlobalSection
	GlobalSection(ProjectConfigurationPlatforms) = postSolution
		{09430592-82DC-4F96-8DFB-67C0A9C05859}.Debug|Any CPU.ActiveCfg = Debug|Any CPU
		{09430592-82DC-4F96-8DFB-67C0A9C05859}.Debug|Any CPU.Build.0 = Debug|Any CPU
		{09430592-82DC-4F96-8DFB-67C0A9C05859}.Release|Any CPU.ActiveCfg = Release|Any CPU
		{09430592-82DC-4F96-8DFB-67C0A9C05859}.Release|Any CPU.Build.0 = Release|Any CPU
	EndGlobalSection
	GlobalSection(SolutionProperties) = preSolution
		HideSolutionNode = FALSE
	EndGlobalSection
	GlobalSection(ExtensibilityGlobals) = postSolution
		SolutionGuid = {91BE49DC-5167-483F-85C6-5D229BE4D644}
	EndGlobalSection
EndGlobal
